
Microsoft Visual Studio Solution File, Format Version 12.00
# Visual Studio 15
VisualStudioVersion = 15.0.28010.2050
MinimumVisualStudioVersion = 10.0.40219.1
Project("{FAE04EC0-301F-11D3-BF4B-00C04F79EFBC}") = "Snake", "Snake\Snake.csproj", "{A794F7E2-3A7A-4C59-810C-97C9110C19CA}"
EndProject
Global
	GlobalSection(SolutionConfigurationPlatforms) = preSolution
		Debug|Any CPU = Debug|Any CPU
		Release|Any CPU = Release|Any CPU
	EndGlobalSection
	GlobalSection(ProjectConfigurationPlatforms) = postSolution
		{A794F7E2-3A7A-4C59-810C-97C9110C19CA}.Debug|Any CPU.ActiveCfg = Debug|Any CPU
		{A794F7E2-3A7A-4C59-810C-97C9110C19CA}.Debug|Any CPU.Build.0 = Debug|Any CPU
		{A794F7E2-3A7A-4C59-810C-97C9110C19CA}.Release|Any CPU.ActiveCfg = Release|Any CPU
		{A794F7E2-3A7A-4C59-810C-97C9110C19CA}.Release|Any CPU.Build.0 = Release|Any CPU
	EndGlobalSection
	GlobalSection(SolutionProperties) = preSolution
		HideSolutionNode = FALSE
	EndGlobalSection
	GlobalSection(ExtensibilityGlobals) = postSolution
		SolutionGuid = {496A8C2D-DD39-4F1C-AD32-2CE4B2C0B4A5}
	EndGlobalSection
EndGlobal
